{
  "name": "deep-learning-playground",
  "version": "1.0.0",
  "lockfileVersion": 2,
  "requires": true,
  "packages": {
    "": {
      "name": "deep-learning-playground",
      "version": "1.0.0",
      "license": "MIT",
      "dependencies": {
        "dotenv": "^16.0.3",
        "local-storage-fallback": "^4.1.2"
      }
    },
    "node_modules/cookie": {
      "version": "0.3.1",
      "resolved": "https://registry.npmjs.org/cookie/-/cookie-0.3.1.tgz",
      "integrity": "sha512-+IJOX0OqlHCszo2mBUq+SrEbCj6w7Kpffqx60zYbPTFaO4+yYgRjHwcZNpWvaTylDHaV7PPmBHzSecZiMhtPgw==",
      "engines": {
        "node": ">= 0.6"
      }
    },
    "node_modules/dotenv": {
      "version": "16.0.3",
      "resolved": "https://registry.npmjs.org/dotenv/-/dotenv-16.0.3.tgz",
      "integrity": "sha512-7GO6HghkA5fYG9TYnNxi14/7K9f5occMlp3zXAuSxn7CKCxt9xbNWG7yF8hTCSUchlfWSe3uLmlPfigevRItzQ==",
      "engines": {
        "node": ">=12"
      }
    },
    "node_modules/local-storage-fallback": {
      "version": "4.1.2",
      "resolved": "https://registry.npmjs.org/local-storage-fallback/-/local-storage-fallback-4.1.2.tgz",
      "integrity": "sha512-oMTj4q8vnZ5FUB/tclzrTgMppSJgGs3ng4fm7qXEK/NjdzNKkVVncMRlsML+l6FwV0WBoOk8rVD5GqNQIhcz8Q==",
      "dependencies": {
        "cookie": "^0.3.1"
      }
    }
  },
  "dependencies": {
    "cookie": {
      "version": "0.3.1",
      "resolved": "https://registry.npmjs.org/cookie/-/cookie-0.3.1.tgz",
      "integrity": "sha512-+IJOX0OqlHCszo2mBUq+SrEbCj6w7Kpffqx60zYbPTFaO4+yYgRjHwcZNpWvaTylDHaV7PPmBHzSecZiMhtPgw=="
    },
    "dotenv": {
      "version": "16.0.3",
      "resolved": "https://registry.npmjs.org/dotenv/-/dotenv-16.0.3.tgz",
      "integrity": "sha512-7GO6HghkA5fYG9TYnNxi14/7K9f5occMlp3zXAuSxn7CKCxt9xbNWG7yF8hTCSUchlfWSe3uLmlPfigevRItzQ=="
    },
    "local-storage-fallback": {
      "version": "4.1.2",
      "resolved": "https://registry.npmjs.org/local-storage-fallback/-/local-storage-fallback-4.1.2.tgz",
      "integrity": "sha512-oMTj4q8vnZ5FUB/tclzrTgMppSJgGs3ng4fm7qXEK/NjdzNKkVVncMRlsML+l6FwV0WBoOk8rVD5GqNQIhcz8Q==",
      "requires": {
        "cookie": "^0.3.1"
      }
    }
  }
}
