{
  "name": "deep-learning-playground",
  "version": "1.0.0",
  "lockfileVersion": 3,
  "requires": true,
  "packages": {
    "": {
      "name": "deep-learning-playground",
      "version": "1.0.0",
      "license": "MIT",
      "dependencies": {
        "@dnd-kit/sortable": "^7.0.2",
        "@dnd-kit/utilities": "^3.2.1",
        "pretty-bytes": "^6.1.0"
      }
    },
    "node_modules/@dnd-kit/accessibility": {
      "version": "3.0.1",
      "resolved": "https://registry.npmjs.org/@dnd-kit/accessibility/-/accessibility-3.0.1.tgz",
      "integrity": "sha512-HXRrwS9YUYQO9lFRc/49uO/VICbM+O+ZRpFDe9Pd1rwVv2PCNkRiTZRdxrDgng/UkvdC3Re9r2vwPpXXrWeFzg==",
      "peer": true,
      "dependencies": {
        "tslib": "^2.0.0"
      },
      "peerDependencies": {
        "react": ">=16.8.0"
      }
    },
    "node_modules/@dnd-kit/core": {
      "version": "6.0.8",
      "resolved": "https://registry.npmjs.org/@dnd-kit/core/-/core-6.0.8.tgz",
      "integrity": "sha512-lYaoP8yHTQSLlZe6Rr9qogouGUz9oRUj4AHhDQGQzq/hqaJRpFo65X+JKsdHf8oUFBzx5A+SJPUvxAwTF2OabA==",
      "peer": true,
      "dependencies": {
        "@dnd-kit/accessibility": "^3.0.0",
        "@dnd-kit/utilities": "^3.2.1",
        "tslib": "^2.0.0"
      },
      "peerDependencies": {
        "react": ">=16.8.0",
        "react-dom": ">=16.8.0"
      }
    },
    "node_modules/@dnd-kit/sortable": {
      "version": "7.0.2",
      "resolved": "https://registry.npmjs.org/@dnd-kit/sortable/-/sortable-7.0.2.tgz",
      "integrity": "sha512-wDkBHHf9iCi1veM834Gbk1429bd4lHX4RpAwT0y2cHLf246GAvU2sVw/oxWNpPKQNQRQaeGXhAVgrOl1IT+iyA==",
      "dependencies": {
        "@dnd-kit/utilities": "^3.2.0",
        "tslib": "^2.0.0"
      },
      "peerDependencies": {
        "@dnd-kit/core": "^6.0.7",
        "react": ">=16.8.0"
      }
    },
    "node_modules/@dnd-kit/utilities": {
      "version": "3.2.1",
      "resolved": "https://registry.npmjs.org/@dnd-kit/utilities/-/utilities-3.2.1.tgz",
      "integrity": "sha512-OOXqISfvBw/1REtkSK2N3Fi2EQiLMlWUlqnOK/UpOISqBZPWpE6TqL+jcPtMOkE8TqYGiURvRdPSI9hltNUjEA==",
      "dependencies": {
        "tslib": "^2.0.0"
      },
      "peerDependencies": {
        "react": ">=16.8.0"
      }
    },
    "node_modules/js-tokens": {
      "version": "4.0.0",
      "license": "MIT",
      "peer": true
    },
    "node_modules/loose-envify": {
      "version": "1.4.0",
      "license": "MIT",
      "peer": true,
      "dependencies": {
        "js-tokens": "^3.0.0 || ^4.0.0"
      },
      "bin": {
        "loose-envify": "cli.js"
      }
    },
    "node_modules/pretty-bytes": {
      "version": "6.1.0",
      "resolved": "https://registry.npmjs.org/pretty-bytes/-/pretty-bytes-6.1.0.tgz",
      "integrity": "sha512-Rk753HI8f4uivXi4ZCIYdhmG1V+WKzvRMg/X+M42a6t7D07RcmopXJMDNk6N++7Bl75URRGsb40ruvg7Hcp2wQ==",
      "engines": {
        "node": "^14.13.1 || >=16.0.0"
      },
      "funding": {
        "url": "https://github.com/sponsors/sindresorhus"
      }
    },
    "node_modules/react": {
      "version": "18.2.0",
      "license": "MIT",
      "peer": true,
      "dependencies": {
        "loose-envify": "^1.1.0"
      },
      "engines": {
        "node": ">=0.10.0"
      }
    },
    "node_modules/react-dom": {
      "version": "18.2.0",
      "resolved": "https://registry.npmjs.org/react-dom/-/react-dom-18.2.0.tgz",
      "integrity": "sha512-6IMTriUmvsjHUjNtEDudZfuDQUoWXVxKHhlEGSk81n4YFS+r/Kl99wXiwlVXtPBtJenozv2P+hxDsw9eA7Xo6g==",
      "peer": true,
      "dependencies": {
        "loose-envify": "^1.1.0",
        "scheduler": "^0.23.0"
      },
      "peerDependencies": {
        "react": "^18.2.0"
      }
    },
    "node_modules/scheduler": {
      "version": "0.23.0",
      "resolved": "https://registry.npmjs.org/scheduler/-/scheduler-0.23.0.tgz",
      "integrity": "sha512-CtuThmgHNg7zIZWAXi3AsyIzA3n4xx7aNyjwC2VJldO2LMVDhFK+63xGqq6CsJH4rTAt6/M+N4GhZiDYPx9eUw==",
      "peer": true,
      "dependencies": {
        "loose-envify": "^1.1.0"
      }
    },
    "node_modules/tslib": {
      "version": "2.5.0",
      "resolved": "https://registry.npmjs.org/tslib/-/tslib-2.5.0.tgz",
      "integrity": "sha512-336iVw3rtn2BUK7ORdIAHTyxHGRIHVReokCR3XjbckJMK7ms8FysBfhLR8IXnAgy7T0PTPNBWKiH514FOW/WSg=="
    }
  }
}
