{
  "name": "deep-learning-playground",
  "version": "1.0.0",
  "lockfileVersion": 2,
  "requires": true,
  "packages": {
    "": {
      "name": "deep-learning-playground",
      "version": "1.0.0",
      "license": "MIT",
      "dependencies": {
        "@types/react-plotly.js": "^2.6.0"
      }
    },
    "node_modules/@types/plotly.js": {
      "version": "2.12.18",
      "resolved": "https://registry.npmjs.org/@types/plotly.js/-/plotly.js-2.12.18.tgz",
      "integrity": "sha512-ff+CIEWnqZNjZqHtQZvkEAVuLs9fkm1f54QnPVmgoET7wMHdSqUka2hasVN4e5yfHD05YwGjsAtCseewJh/BMw=="
    },
    "node_modules/@types/prop-types": {
      "version": "15.7.5",
      "resolved": "https://registry.npmjs.org/@types/prop-types/-/prop-types-15.7.5.tgz",
      "integrity": "sha512-JCB8C6SnDoQf0cNycqd/35A7MjcnK+ZTqE7judS6o7utxUCg6imJg3QK2qzHKszlTjcj2cn+NwMB2i96ubpj7w=="
    },
    "node_modules/@types/react": {
      "version": "18.2.6",
      "resolved": "https://registry.npmjs.org/@types/react/-/react-18.2.6.tgz",
      "integrity": "sha512-wRZClXn//zxCFW+ye/D2qY65UsYP1Fpex2YXorHc8awoNamkMZSvBxwxdYVInsHOZZd2Ppq8isnSzJL5Mpf8OA==",
      "dependencies": {
        "@types/prop-types": "*",
        "@types/scheduler": "*",
        "csstype": "^3.0.2"
      }
    },
    "node_modules/@types/react-plotly.js": {
      "version": "2.6.0",
      "resolved": "https://registry.npmjs.org/@types/react-plotly.js/-/react-plotly.js-2.6.0.tgz",
      "integrity": "sha512-nJJ57U0/CNDAO+F3dpnMgM8PtjLE/O1I3O6gq4+5Q13uKqrPnHGYOttfdzQJ4D7KYgF609miVzEYakUS2zds8w==",
      "dependencies": {
        "@types/plotly.js": "*",
        "@types/react": "*"
      }
    },
    "node_modules/@types/scheduler": {
      "version": "0.16.3",
      "resolved": "https://registry.npmjs.org/@types/scheduler/-/scheduler-0.16.3.tgz",
      "integrity": "sha512-5cJ8CB4yAx7BH1oMvdU0Jh9lrEXyPkar6F9G/ERswkCuvP4KQZfZkSjcMbAICCpQTN4OuZn8tz0HiKv9TGZgrQ=="
    },
    "node_modules/csstype": {
      "version": "3.1.2",
      "resolved": "https://registry.npmjs.org/csstype/-/csstype-3.1.2.tgz",
      "integrity": "sha512-I7K1Uu0MBPzaFKg4nI5Q7Vs2t+3gWWW648spaF+Rg7pI9ds18Ugn+lvg4SHczUdKlHI5LWBXyqfS8+DufyBsgQ=="
    }
  },
  "dependencies": {
    "@types/plotly.js": {
      "version": "2.12.18",
      "resolved": "https://registry.npmjs.org/@types/plotly.js/-/plotly.js-2.12.18.tgz",
      "integrity": "sha512-ff+CIEWnqZNjZqHtQZvkEAVuLs9fkm1f54QnPVmgoET7wMHdSqUka2hasVN4e5yfHD05YwGjsAtCseewJh/BMw=="
    },
    "@types/prop-types": {
      "version": "15.7.5",
      "resolved": "https://registry.npmjs.org/@types/prop-types/-/prop-types-15.7.5.tgz",
      "integrity": "sha512-JCB8C6SnDoQf0cNycqd/35A7MjcnK+ZTqE7judS6o7utxUCg6imJg3QK2qzHKszlTjcj2cn+NwMB2i96ubpj7w=="
    },
    "@types/react": {
      "version": "18.2.6",
      "resolved": "https://registry.npmjs.org/@types/react/-/react-18.2.6.tgz",
      "integrity": "sha512-wRZClXn//zxCFW+ye/D2qY65UsYP1Fpex2YXorHc8awoNamkMZSvBxwxdYVInsHOZZd2Ppq8isnSzJL5Mpf8OA==",
      "requires": {
        "@types/prop-types": "*",
        "@types/scheduler": "*",
        "csstype": "^3.0.2"
      }
    },
    "@types/react-plotly.js": {
      "version": "2.6.0",
      "resolved": "https://registry.npmjs.org/@types/react-plotly.js/-/react-plotly.js-2.6.0.tgz",
      "integrity": "sha512-nJJ57U0/CNDAO+F3dpnMgM8PtjLE/O1I3O6gq4+5Q13uKqrPnHGYOttfdzQJ4D7KYgF609miVzEYakUS2zds8w==",
      "requires": {
        "@types/plotly.js": "*",
        "@types/react": "*"
      }
    },
    "@types/scheduler": {
      "version": "0.16.3",
      "resolved": "https://registry.npmjs.org/@types/scheduler/-/scheduler-0.16.3.tgz",
      "integrity": "sha512-5cJ8CB4yAx7BH1oMvdU0Jh9lrEXyPkar6F9G/ERswkCuvP4KQZfZkSjcMbAICCpQTN4OuZn8tz0HiKv9TGZgrQ=="
    },
    "csstype": {
      "version": "3.1.2",
      "resolved": "https://registry.npmjs.org/csstype/-/csstype-3.1.2.tgz",
      "integrity": "sha512-I7K1Uu0MBPzaFKg4nI5Q7Vs2t+3gWWW648spaF+Rg7pI9ds18Ugn+lvg4SHczUdKlHI5LWBXyqfS8+DufyBsgQ=="
    }
  }
}
