# THIS IS AN AUTOGENERATED FILE. DO NOT EDIT THIS FILE DIRECTLY.
# yarn lockfile v1


"@types/plotly.js@*":
  version "2.12.18"
  resolved "https://registry.yarnpkg.com/@types/plotly.js/-/plotly.js-2.12.18.tgz#7a231ce72a73fafe4842096b8c99d10a41b60962"
  integrity sha512-ff+CIEWnqZNjZqHtQZvkEAVuLs9fkm1f54QnPVmgoET7wMHdSqUka2hasVN4e5yfHD05YwGjsAtCseewJh/BMw==

"@types/prop-types@*":
  version "15.7.5"
  resolved "https://registry.yarnpkg.com/@types/prop-types/-/prop-types-15.7.5.tgz#5f19d2b85a98e9558036f6a3cacc8819420f05cf"
  integrity sha512-JCB8C6SnDoQf0cNycqd/35A7MjcnK+ZTqE7judS6o7utxUCg6imJg3QK2qzHKszlTjcj2cn+NwMB2i96ubpj7w==

"@types/react-plotly.js@^2.6.0":
  version "2.6.0"
  resolved "https://registry.yarnpkg.com/@types/react-plotly.js/-/react-plotly.js-2.6.0.tgz#1b856c2ed1219babda3e95ef3270091f156ff987"
  integrity sha512-nJJ57U0/CNDAO+F3dpnMgM8PtjLE/O1I3O6gq4+5Q13uKqrPnHGYOttfdzQJ4D7KYgF609miVzEYakUS2zds8w==
  dependencies:
    "@types/plotly.js" "*"
    "@types/react" "*"

"@types/react@*":
  version "18.2.6"
  resolved "https://registry.yarnpkg.com/@types/react/-/react-18.2.6.tgz#5cd53ee0d30ffc193b159d3516c8c8ad2f19d571"
  integrity sha512-wRZClXn//zxCFW+ye/D2qY65UsYP1Fpex2YXorHc8awoNamkMZSvBxwxdYVInsHOZZd2Ppq8isnSzJL5Mpf8OA==
  dependencies:
    "@types/prop-types" "*"
    "@types/scheduler" "*"
    csstype "^3.0.2"

"@types/scheduler@*":
  version "0.16.3"
  resolved "https://registry.yarnpkg.com/@types/scheduler/-/scheduler-0.16.3.tgz#cef09e3ec9af1d63d2a6cc5b383a737e24e6dcf5"
  integrity sha512-5cJ8CB4yAx7BH1oMvdU0Jh9lrEXyPkar6F9G/ERswkCuvP4KQZfZkSjcMbAICCpQTN4OuZn8tz0HiKv9TGZgrQ==

csstype@^3.0.2:
  version "3.1.2"
  resolved "https://registry.yarnpkg.com/csstype/-/csstype-3.1.2.tgz#1d4bf9d572f11c14031f0436e1c10bc1f571f50b"
  integrity sha512-I7K1Uu0MBPzaFKg4nI5Q7Vs2t+3gWWW648spaF+Rg7pI9ds18Ugn+lvg4SHczUdKlHI5LWBXyqfS8+DufyBsgQ==
