# THIS IS AN AUTOGENERATED FILE. DO NOT EDIT THIS FILE DIRECTLY.
# yarn lockfile v1


"@babel/runtime@^7.21.0":
  version "7.21.5"
  resolved "https://registry.yarnpkg.com/@babel/runtime/-/runtime-7.21.5.tgz#8492dddda9644ae3bda3b45eabe87382caee7200"
  integrity sha512-8jI69toZqqcsnqGGqwGS4Qb1VwLOEp4hz+CXPywcvjs60u3B4Pom/U/7rm4W8tMOYEB+E9wgD0mW1l3r8qlI9Q==
  dependencies:
    regenerator-runtime "^0.13.11"

"@mui/icons-material@^5.11.16":
  version "5.11.16"
  resolved "https://registry.yarnpkg.com/@mui/icons-material/-/icons-material-5.11.16.tgz#417fa773c56672e39d6ccfed9ac55591985f0d38"
  integrity sha512-oKkx9z9Kwg40NtcIajF9uOXhxiyTZrrm9nmIJ4UjkU2IdHpd4QVLbCc/5hZN/y0C6qzi2Zlxyr9TGddQx2vx2A==
  dependencies:
    "@babel/runtime" "^7.21.0"

regenerator-runtime@^0.13.11:
  version "0.13.11"
  resolved "https://registry.yarnpkg.com/regenerator-runtime/-/regenerator-runtime-0.13.11.tgz#f6dca3e7ceec20590d07ada785636a90cdca17f9"
  integrity sha512-kY1AZVr2Ra+t+piVaJ4gxaFaReZVH40AKNo7UCX6W+dEwBo/2oZJzqfuN1qLq1oL45o56cPaTXELwrTh8Fpggg==
